
Microsoft Visual Studio Solution File, Format Version 12.00
# Visual Studio Version 16
VisualStudioVersion = 16.0.34114.132
MinimumVisualStudioVersion = 10.0.40219.1
Project("{F184B08F-C81C-45F6-A57F-5ABD9991F28F}") = "MILS", "MILS\MILS.vbproj", "{D03E4128-4355-477E-80F2-3FC327234C5F}"
EndProject
Global
	GlobalSection(SolutionConfigurationPlatforms) = preSolution
		Debug|Any CPU = Debug|Any CPU
		Release|Any CPU = Release|Any CPU
	EndGlobalSection
	GlobalSection(ProjectConfigurationPlatforms) = postSolution
		{D03E4128-4355-477E-80F2-3FC327234C5F}.Debug|Any CPU.ActiveCfg = Debug|Any CPU
		{D03E4128-4355-477E-80F2-3FC327234C5F}.Debug|Any CPU.Build.0 = Debug|Any CPU
		{D03E4128-4355-477E-80F2-3FC327234C5F}.Release|Any CPU.ActiveCfg = Release|Any CPU
		{D03E4128-4355-477E-80F2-3FC327234C5F}.Release|Any CPU.Build.0 = Release|Any CPU
	EndGlobalSection
	GlobalSection(SolutionProperties) = preSolution
		HideSolutionNode = FALSE
	EndGlobalSection
	GlobalSection(ExtensibilityGlobals) = postSolution
		SolutionGuid = {1588BB18-8DC0-4D37-9F04-CABC4C77CFC4}
	EndGlobalSection
EndGlobal
